%{"dialyxir": {:hex, :dialyxir, "0.4.0", "53ac3014bb4aef647728a697052b4db3a84c6742de7aab0e0a1c863ea274007b", [:mix], []},
  "fs": {:hex, :fs, "2.12.0", "ad631efacc9a5683c8eaa1b274e24fa64a1b8eb30747e9595b93bec7e492e25e", [:rebar3], []},
  "mix_test_watch": {:git, "https://github.com/lpil/mix-test.watch.git", "83a3e10e127446b1256b542fa845e6de1fbc2ab9", []}}
